
Microsoft Visual Studio Solution File, Format Version 12.00
# Visual Studio Version 17
VisualStudioVersion = 17.7.34221.43
MinimumVisualStudioVersion = 10.0.40219.1
Project("{FAE04EC0-301F-11D3-BF4B-00C04F79EFBC}") = "Variablee_Exercise", "Variablee_Exercise\Variablee_Exercise.csproj", "{367AD345-9DA7-4BB4-A405-04087A5E3C8B}"
EndProject
Global
	GlobalSection(SolutionConfigurationPlatforms) = preSolution
		Debug|Any CPU = Debug|Any CPU
		Release|Any CPU = Release|Any CPU
	EndGlobalSection
	GlobalSection(ProjectConfigurationPlatforms) = postSolution
		{367AD345-9DA7-4BB4-A405-04087A5E3C8B}.Debug|Any CPU.ActiveCfg = Debug|Any CPU
		{367AD345-9DA7-4BB4-A405-04087A5E3C8B}.Debug|Any CPU.Build.0 = Debug|Any CPU
		{367AD345-9DA7-4BB4-A405-04087A5E3C8B}.Release|Any CPU.ActiveCfg = Release|Any CPU
		{367AD345-9DA7-4BB4-A405-04087A5E3C8B}.Release|Any CPU.Build.0 = Release|Any CPU
	EndGlobalSection
	GlobalSection(SolutionProperties) = preSolution
		HideSolutionNode = FALSE
	EndGlobalSection
	GlobalSection(ExtensibilityGlobals) = postSolution
		SolutionGuid = {189D0619-717C-40C7-B262-9CC0A3615A1C}
	EndGlobalSection
EndGlobal
